
Microsoft Visual Studio Solution File, Format Version 12.00
# Visual Studio 14
VisualStudioVersion = 14.0.25420.1
MinimumVisualStudioVersion = 10.0.40219.1
Project("{2150E333-8FDC-42A3-9474-1A3956D46DE8}") = "Engine", "Engine", "{B86500CE-F673-4D4E-B454-28C8178BE946}"
EndProject
Project("{2150E333-8FDC-42A3-9474-1A3956D46DE8}") = "Games", "Games", "{DEE5B423-F953-4275-A0EB-45F69548D883}"
EndProject
Project("{8BC9CEB8-8B4A-11D0-8D11-00A0C91BC942}") = "UE4", "Intermediate\ProjectFiles\UE4.vcxproj", "{BCF1EE42-5D65-4A19-93BA-88F5AF3EEBAB}"
EndProject
Project("{8BC9CEB8-8B4A-11D0-8D11-00A0C91BC942}") = "BattleTank", "Intermediate\ProjectFiles\BattleTank.vcxproj", "{C5B76F56-1427-4056-8E95-7230E45935DA}"
EndProject
Global
	GlobalSection(SolutionConfigurationPlatforms) = preSolution
		DebugGame Editor|HTML5 = DebugGame Editor|HTML5
		DebugGame Editor|Win32 = DebugGame Editor|Win32
		DebugGame Editor|Win64 = DebugGame Editor|Win64
		DebugGame|HTML5 = DebugGame|HTML5
		DebugGame|Win32 = DebugGame|Win32
		DebugGame|Win64 = DebugGame|Win64
		Development Editor|HTML5 = Development Editor|HTML5
		Development Editor|Win32 = Development Editor|Win32
		Development Editor|Win64 = Development Editor|Win64
		Development|HTML5 = Development|HTML5
		Development|Win32 = Development|Win32
		Development|Win64 = Development|Win64
		Shipping|HTML5 = Shipping|HTML5
		Shipping|Win32 = Shipping|Win32
		Shipping|Win64 = Shipping|Win64
	EndGlobalSection
	GlobalSection(ProjectConfigurationPlatforms) = postSolution
		{BCF1EE42-5D65-4A19-93BA-88F5AF3EEBAB}.DebugGame Editor|HTML5.ActiveCfg = BuiltWithUnrealBuildTool|Win32
		{BCF1EE42-5D65-4A19-93BA-88F5AF3EEBAB}.DebugGame Editor|HTML5.Build.0 = BuiltWithUnrealBuildTool|Win32
		{BCF1EE42-5D65-4A19-93BA-88F5AF3EEBAB}.DebugGame Editor|Win32.ActiveCfg = BuiltWithUnrealBuildTool|Win32
		{BCF1EE42-5D65-4A19-93BA-88F5AF3EEBAB}.DebugGame Editor|Win32.Build.0 = BuiltWithUnrealBuildTool|Win32
		{BCF1EE42-5D65-4A19-93BA-88F5AF3EEBAB}.DebugGame Editor|Win64.ActiveCfg = BuiltWithUnrealBuildTool|Win32
		{BCF1EE42-5D65-4A19-93BA-88F5AF3EEBAB}.DebugGame Editor|Win64.Build.0 = BuiltWithUnrealBuildTool|Win32
		{BCF1EE42-5D65-4A19-93BA-88F5AF3EEBAB}.DebugGame|HTML5.ActiveCfg = BuiltWithUnrealBuildTool|Win32
		{BCF1EE42-5D65-4A19-93BA-88F5AF3EEBAB}.DebugGame|HTML5.Build.0 = BuiltWithUnrealBuildTool|Win32
		{BCF1EE42-5D65-4A19-93BA-88F5AF3EEBAB}.DebugGame|Win32.ActiveCfg = BuiltWithUnrealBuildTool|Win32
		{BCF1EE42-5D65-4A19-93BA-88F5AF3EEBAB}.DebugGame|Win32.Build.0 = BuiltWithUnrealBuildTool|Win32
		{BCF1EE42-5D65-4A19-93BA-88F5AF3EEBAB}.DebugGame|Win64.ActiveCfg = BuiltWithUnrealBuildTool|Win32
		{BCF1EE42-5D65-4A19-93BA-88F5AF3EEBAB}.DebugGame|Win64.Build.0 = BuiltWithUnrealBuildTool|Win32
		{BCF1EE42-5D65-4A19-93BA-88F5AF3EEBAB}.Development Editor|HTML5.ActiveCfg = BuiltWithUnrealBuildTool|Win32
		{BCF1EE42-5D65-4A19-93BA-88F5AF3EEBAB}.Development Editor|HTML5.Build.0 = BuiltWithUnrealBuildTool|Win32
		{BCF1EE42-5D65-4A19-93BA-88F5AF3EEBAB}.Development Editor|Win32.ActiveCfg = BuiltWithUnrealBuildTool|Win32
		{BCF1EE42-5D65-4A19-93BA-88F5AF3EEBAB}.Development Editor|Win32.Build.0 = BuiltWithUnrealBuildTool|Win32
		{BCF1EE42-5D65-4A19-93BA-88F5AF3EEBAB}.Development Editor|Win64.ActiveCfg = BuiltWithUnrealBuildTool|Win32
		{BCF1EE42-5D65-4A19-93BA-88F5AF3EEBAB}.Development Editor|Win64.Build.0 = BuiltWithUnrealBuildTool|Win32
		{BCF1EE42-5D65-4A19-93BA-88F5AF3EEBAB}.Development|HTML5.ActiveCfg = BuiltWithUnrealBuildTool|Win32
		{BCF1EE42-5D65-4A19-93BA-88F5AF3EEBAB}.Development|HTML5.Build.0 = BuiltWithUnrealBuildTool|Win32
		{BCF1EE42-5D65-4A19-93BA-88F5AF3EEBAB}.Development|Win32.ActiveCfg = BuiltWithUnrealBuildTool|Win32
		{BCF1EE42-5D65-4A19-93BA-88F5AF3EEBAB}.Development|Win32.Build.0 = BuiltWithUnrealBuildTool|Win32
		{BCF1EE42-5D65-4A19-93BA-88F5AF3EEBAB}.Development|Win64.ActiveCfg = BuiltWithUnrealBuildTool|Win32
		{BCF1EE42-5D65-4A19-93BA-88F5AF3EEBAB}.Development|Win64.Build.0 = BuiltWithUnrealBuildTool|Win32
		{BCF1EE42-5D65-4A19-93BA-88F5AF3EEBAB}.Shipping|HTML5.ActiveCfg = BuiltWithUnrealBuildTool|Win32
		{BCF1EE42-5D65-4A19-93BA-88F5AF3EEBAB}.Shipping|HTML5.Build.0 = BuiltWithUnrealBuildTool|Win32
		{BCF1EE42-5D65-4A19-93BA-88F5AF3EEBAB}.Shipping|Win32.ActiveCfg = BuiltWithUnrealBuildTool|Win32
		{BCF1EE42-5D65-4A19-93BA-88F5AF3EEBAB}.Shipping|Win32.Build.0 = BuiltWithUnrealBuildTool|Win32
		{BCF1EE42-5D65-4A19-93BA-88F5AF3EEBAB}.Shipping|Win64.ActiveCfg = BuiltWithUnrealBuildTool|Win32
		{BCF1EE42-5D65-4A19-93BA-88F5AF3EEBAB}.Shipping|Win64.Build.0 = BuiltWithUnrealBuildTool|Win32
		{C5B76F56-1427-4056-8E95-7230E45935DA}.DebugGame Editor|HTML5.ActiveCfg = HTML5_DebugGame_Editor|Win32
		{C5B76F56-1427-4056-8E95-7230E45935DA}.DebugGame Editor|Win32.ActiveCfg = DebugGame_Editor|Win32
		{C5B76F56-1427-4056-8E95-7230E45935DA}.DebugGame Editor|Win64.ActiveCfg = DebugGame_Editor|x64
		{C5B76F56-1427-4056-8E95-7230E45935DA}.DebugGame Editor|Win64.Build.0 = DebugGame_Editor|x64
		{C5B76F56-1427-4056-8E95-7230E45935DA}.DebugGame|HTML5.ActiveCfg = HTML5_DebugGame_Game|Win32
		{C5B76F56-1427-4056-8E95-7230E45935DA}.DebugGame|HTML5.Build.0 = HTML5_DebugGame_Game|Win32
		{C5B76F56-1427-4056-8E95-7230E45935DA}.DebugGame|Win32.ActiveCfg = DebugGame_Game|Win32
		{C5B76F56-1427-4056-8E95-7230E45935DA}.DebugGame|Win32.Build.0 = DebugGame_Game|Win32
		{C5B76F56-1427-4056-8E95-7230E45935DA}.DebugGame|Win64.ActiveCfg = DebugGame_Game|x64
		{C5B76F56-1427-4056-8E95-7230E45935DA}.DebugGame|Win64.Build.0 = DebugGame_Game|x64
		{C5B76F56-1427-4056-8E95-7230E45935DA}.Development Editor|HTML5.ActiveCfg = HTML5_Development_Editor|Win32
		{C5B76F56-1427-4056-8E95-7230E45935DA}.Development Editor|Win32.ActiveCfg = Development_Editor|Win32
		{C5B76F56-1427-4056-8E95-7230E45935DA}.Development Editor|Win64.ActiveCfg = Development_Editor|x64
		{C5B76F56-1427-4056-8E95-7230E45935DA}.Development Editor|Win64.Build.0 = Development_Editor|x64
		{C5B76F56-1427-4056-8E95-7230E45935DA}.Development|HTML5.ActiveCfg = HTML5_Development_Game|Win32
		{C5B76F56-1427-4056-8E95-7230E45935DA}.Development|HTML5.Build.0 = HTML5_Development_Game|Win32
		{C5B76F56-1427-4056-8E95-7230E45935DA}.Development|Win32.ActiveCfg = Development_Game|Win32
		{C5B76F56-1427-4056-8E95-7230E45935DA}.Development|Win32.Build.0 = Development_Game|Win32
		{C5B76F56-1427-4056-8E95-7230E45935DA}.Development|Win64.ActiveCfg = Development_Game|x64
		{C5B76F56-1427-4056-8E95-7230E45935DA}.Development|Win64.Build.0 = Development_Game|x64
		{C5B76F56-1427-4056-8E95-7230E45935DA}.Shipping|HTML5.ActiveCfg = HTML5_Shipping_Game|Win32
		{C5B76F56-1427-4056-8E95-7230E45935DA}.Shipping|HTML5.Build.0 = HTML5_Shipping_Game|Win32
		{C5B76F56-1427-4056-8E95-7230E45935DA}.Shipping|Win32.ActiveCfg = Shipping_Game|Win32
		{C5B76F56-1427-4056-8E95-7230E45935DA}.Shipping|Win32.Build.0 = Shipping_Game|Win32
		{C5B76F56-1427-4056-8E95-7230E45935DA}.Shipping|Win64.ActiveCfg = Shipping_Game|x64
		{C5B76F56-1427-4056-8E95-7230E45935DA}.Shipping|Win64.Build.0 = Shipping_Game|x64
	EndGlobalSection
	GlobalSection(SolutionProperties) = preSolution
		HideSolutionNode = FALSE
	EndGlobalSection
	GlobalSection(NestedProjects) = preSolution
		{BCF1EE42-5D65-4A19-93BA-88F5AF3EEBAB} = {B86500CE-F673-4D4E-B454-28C8178BE946}
		{C5B76F56-1427-4056-8E95-7230E45935DA} = {DEE5B423-F953-4275-A0EB-45F69548D883}
	EndGlobalSection
EndGlobal
